// !$*UTF8*$!
{
	archiveVersion = 1;
	classes = {
	};
	objectVersion = 56;
	objects = {

/* Begin PBXBuildFile section */
		C5DF452B296AA01400EEB686 /* AppDelegate.swift in Sources */ = {isa = PBXBuildFile; fileRef = C5DF452A296AA01400EEB686 /* AppDelegate.swift */; };
		C5DF452D296AA01400EEB686 /* SceneDelegate.swift in Sources */ = {isa = PBXBuildFile; fileRef = C5DF452C296AA01400EEB686 /* SceneDelegate.swift */; };
		C5DF452F296AA01400EEB686 /* ViewController.swift in Sources */ = {isa = PBXBuildFile; fileRef = C5DF452E296AA01400EEB686 /* ViewController.swift */; };
		C5DF4532296AA01400EEB686 /* Main.storyboard in Resources */ = {isa = PBXBuildFile; fileRef = C5DF4530296AA01400EEB686 /* Main.storyboard */; };
		C5DF4534296AA01700EEB686 /* Assets.xcassets in Resources */ = {isa = PBXBuildFile; fileRef = C5DF4533296AA01700EEB686 /* Assets.xcassets */; };
		C5DF4537296AA01700EEB686 /* LaunchScreen.storyboard in Resources */ = {isa = PBXBuildFile; fileRef = C5DF4535296AA01700EEB686 /* LaunchScreen.storyboard */; };
/* End PBXBuildFile section */

/* Begin PBXFileReference section */
		C5DF4527296AA01400EEB686 /* GrammarSwiftPlayground.app */ = {isa = PBXFileReference; explicitFileType = wrapper.application; includeInIndex = 0; path = GrammarSwiftPlayground.app; sourceTree = BUILT_PRODUCTS_DIR; };
		C5DF452A296AA01400EEB686 /* AppDelegate.swift */ = {isa = PBXFileReference; lastKnownFileType = sourcecode.swift; path = AppDelegate.swift; sourceTree = "<group>"; };
		C5DF452C296AA01400EEB686 /* SceneDelegate.swift */ = {isa = PBXFileReference; lastKnownFileType = sourcecode.swift; path = SceneDelegate.swift; sourceTree = "<group>"; };
		C5DF452E296AA01400EEB686 /* ViewController.swift */ = {isa = PBXFileReference; lastKnownFileType = sourcecode.swift; path = ViewController.swift; sourceTree = "<group>"; };
		C5DF4531296AA01400EEB686 /* Base */ = {isa = PBXFileReference; lastKnownFileType = file.storyboard; name = Base; path = Base.lproj/Main.storyboard; sourceTree = "<group>"; };
		C5DF4533296AA01700EEB686 /* Assets.xcassets */ = {isa = PBXFileReference; lastKnownFileType = folder.assetcatalog; path = Assets.xcassets; sourceTree = "<group>"; };
		C5DF4536296AA01700EEB686 /* Base */ = {isa = PBXFileReference; lastKnownFileType = file.storyboard; name = Base; path = Base.lproj/LaunchScreen.storyboard; sourceTree = "<group>"; };
		C5DF4538296AA01700EEB686 /* Info.plist */ = {isa = PBXFileReference; lastKnownFileType = text.plist.xml; path = Info.plist; sourceTree = "<group>"; };
		C5DF453F296AA08F00EEB686 /* Set.playground */ = {isa = PBXFileReference; lastKnownFileType = file.playground; path = Set.playground; sourceTree = "<group>"; };
		C5DF4540296AA09000EEB686 /* Protocol의associatedType.playground */ = {isa = PBXFileReference; lastKnownFileType = file.playground; path = "Protocol의associatedType.playground"; sourceTree = "<group>"; };
		C5DF4541296AA09000EEB686 /* codingTest.playground */ = {isa = PBXFileReference; lastKnownFileType = file.playground; path = codingTest.playground; sourceTree = "<group>"; };
		C5DF4542296AA09000EEB686 /* EscapingClosure.playground */ = {isa = PBXFileReference; lastKnownFileType = file.playground; path = EscapingClosure.playground; sourceTree = "<group>"; };
		C5DF4543296AA09100EEB686 /* StructAndClass.playground */ = {isa = PBXFileReference; lastKnownFileType = file.playground; path = StructAndClass.playground; sourceTree = "<group>"; };
		C5DF4544296AA09100EEB686 /* typealias.playground */ = {isa = PBXFileReference; lastKnownFileType = file.playground; path = typealias.playground; sourceTree = "<group>"; };
		C5DF4545296AA09200EEB686 /* Protocol확장.playground */ = {isa = PBXFileReference; lastKnownFileType = file.playground; path = "Protocol확장.playground"; sourceTree = "<group>"; };
		C5DF4546296AA09200EEB686 /* Try_Try_Try.playground */ = {isa = PBXFileReference; lastKnownFileType = file.playground; path = Try_Try_Try.playground; sourceTree = "<group>"; };
		C5DF4547296AA09200EEB686 /* Map_compactMap_flatMap.playground */ = {isa = PBXFileReference; lastKnownFileType = file.playground; path = Map_compactMap_flatMap.playground; sourceTree = "<group>"; };
		C5DF4548296AA09300EEB686 /* Protocol.playground */ = {isa = PBXFileReference; lastKnownFileType = file.playground; path = Protocol.playground; sourceTree = "<group>"; };
		C5DF4549296AA09300EEB686 /* JSON Parsing with Codable.playground */ = {isa = PBXFileReference; lastKnownFileType = file.playground; path = "JSON Parsing with Codable.playground"; sourceTree = "<group>"; };
		C5DF454A296AA09300EEB686 /* Introduction to Generics.playground */ = {isa = PBXFileReference; lastKnownFileType = file.playground; path = "Introduction to Generics.playground"; sourceTree = "<group>"; };
		C5DF454B296AA09400EEB686 /* mapflatmapcompactmap.playground */ = {isa = PBXFileReference; lastKnownFileType = file.playground; path = mapflatmapcompactmap.playground; sourceTree = "<group>"; };
		C5DF454C296AA09500EEB686 /* Instance and Static Methods.playground */ = {isa = PBXFileReference; lastKnownFileType = file.playground; path = "Instance and Static Methods.playground"; sourceTree = "<group>"; };
		C5DF454D296AA09500EEB686 /* Protocol상속.playground */ = {isa = PBXFileReference; lastKnownFileType = file.playground; path = "Protocol상속.playground"; sourceTree = "<group>"; };
		C5DF454E296AA09500EEB686 /* reduce, filter, removeAll.playground */ = {isa = PBXFileReference; lastKnownFileType = file.playground; path = "reduce, filter, removeAll.playground"; sourceTree = "<group>"; };
		C5DF454F296AA09600EEB686 /* curl.playground */ = {isa = PBXFileReference; lastKnownFileType = file.playground; path = curl.playground; sourceTree = "<group>"; };
		C5DF4550296AA09600EEB686 /* MyPlayground.playground */ = {isa = PBXFileReference; lastKnownFileType = file.playground; path = MyPlayground.playground; sourceTree = "<group>"; };
		C5DF4551296AA09700EEB686 /* methodPractice.playground */ = {isa = PBXFileReference; lastKnownFileType = file.playground; path = methodPractice.playground; sourceTree = "<group>"; };
		C5DF4552296AA09700EEB686 /* 제네릭.playground */ = {isa = PBXFileReference; lastKnownFileType = file.playground; path = "제네릭.playground"; sourceTree = "<group>"; };
		C5DF4553296AA09700EEB686 /* MyNote.playground */ = {isa = PBXFileReference; lastKnownFileType = file.playground; path = MyNote.playground; sourceTree = "<group>"; };
		C5DF4554296AA09800EEB686 /* 고차함수.playground */ = {isa = PBXFileReference; lastKnownFileType = file.playground; path = "고차함수.playground"; sourceTree = "<group>"; xcLanguageSpecificationIdentifier = xcode.lang.swift; };
		C5DF4555296AA09900EEB686 /* Find number in string.playground */ = {isa = PBXFileReference; lastKnownFileType = file.playground; path = "Find number in string.playground"; sourceTree = "<group>"; };
		C5DF4556296AA09900EEB686 /* CompletionHandler Starter.playground */ = {isa = PBXFileReference; lastKnownFileType = file.playground; path = "CompletionHandler Starter.playground"; sourceTree = "<group>"; };
		C5DF4557296AA09900EEB686 /* StructMethod.playground */ = {isa = PBXFileReference; lastKnownFileType = file.playground; path = StructMethod.playground; sourceTree = "<group>"; };
		C5DF4558296AA09A00EEB686 /* UnderstandingClosures.playground */ = {isa = PBXFileReference; lastKnownFileType = file.playground; path = UnderstandingClosures.playground; sourceTree = "<group>"; };
		C5DF4559296AA09A00EEB686 /* AccessControl.playground */ = {isa = PBXFileReference; lastKnownFileType = file.playground; path = AccessControl.playground; sourceTree = "<group>"; xcLanguageSpecificationIdentifier = xcode.lang.swift; };
		C5DF455A296AA09B00EEB686 /* ErrorMethodPrac.playground */ = {isa = PBXFileReference; lastKnownFileType = file.playground; path = ErrorMethodPrac.playground; sourceTree = "<group>"; };
		C5DF455B296AA09B00EEB686 /* private(set).playground */ = {isa = PBXFileReference; lastKnownFileType = file.playground; path = "private(set).playground"; sourceTree = "<group>"; };
		C5DF455C296AA09C00EEB686 /* contains, forEach, sorted.playground */ = {isa = PBXFileReference; lastKnownFileType = file.playground; path = "contains, forEach, sorted.playground"; sourceTree = "<group>"; };
		C5DF455D296AA09C00EEB686 /* StringParsePrac.playground */ = {isa = PBXFileReference; lastKnownFileType = file.playground; path = StringParsePrac.playground; sourceTree = "<group>"; };
		C5DF455E296AA09D00EEB686 /* PGSwiftUI.playground */ = {isa = PBXFileReference; lastKnownFileType = file.playground; path = PGSwiftUI.playground; sourceTree = "<group>"; };
/* End PBXFileReference section */

/* Begin PBXFrameworksBuildPhase section */
		C5DF4524296AA01400EEB686 /* Frameworks */ = {
			isa = PBXFrameworksBuildPhase;
			buildActionMask = 2147483647;
			files = (
			);
			runOnlyForDeploymentPostprocessing = 0;
		};
/* End PBXFrameworksBuildPhase section */

/* Begin PBXGroup section */
		C5DF451E296AA01400EEB686 = {
			isa = PBXGroup;
			children = (
				C5DF4529296AA01400EEB686 /* GrammarSwiftPlayground */,
				C5DF4528296AA01400EEB686 /* Products */,
			);
			sourceTree = "<group>";
		};
		C5DF4528296AA01400EEB686 /* Products */ = {
			isa = PBXGroup;
			children = (
				C5DF4527296AA01400EEB686 /* GrammarSwiftPlayground.app */,
			);
			name = Products;
			sourceTree = "<group>";
		};
		C5DF4529296AA01400EEB686 /* GrammarSwiftPlayground */ = {
			isa = PBXGroup;
			children = (
				C5DF453E296AA03200EEB686 /* Grammar */,
				C5DF452A296AA01400EEB686 /* AppDelegate.swift */,
				C5DF452C296AA01400EEB686 /* SceneDelegate.swift */,
				C5DF452E296AA01400EEB686 /* ViewController.swift */,
				C5DF4530296AA01400EEB686 /* Main.storyboard */,
				C5DF4533296AA01700EEB686 /* Assets.xcassets */,
				C5DF4535296AA01700EEB686 /* LaunchScreen.storyboard */,
				C5DF4538296AA01700EEB686 /* Info.plist */,
			);
			path = GrammarSwiftPlayground;
			sourceTree = "<group>";
		};
		C5DF453E296AA03200EEB686 /* Grammar */ = {
			isa = PBXGroup;
			children = (
				C5DF4554296AA09800EEB686 /* 고차함수.playground */,
				C5DF4552296AA09700EEB686 /* 제네릭.playground */,
				C5DF4559296AA09A00EEB686 /* AccessControl.playground */,
				C5DF4541296AA09000EEB686 /* codingTest.playground */,
				C5DF4556296AA09900EEB686 /* CompletionHandler Starter.playground */,
				C5DF455C296AA09C00EEB686 /* contains, forEach, sorted.playground */,
				C5DF454F296AA09600EEB686 /* curl.playground */,
				C5DF455A296AA09B00EEB686 /* ErrorMethodPrac.playground */,
				C5DF4542296AA09000EEB686 /* EscapingClosure.playground */,
				C5DF4555296AA09900EEB686 /* Find number in string.playground */,
				C5DF454C296AA09500EEB686 /* Instance and Static Methods.playground */,
				C5DF454A296AA09300EEB686 /* Introduction to Generics.playground */,
				C5DF4549296AA09300EEB686 /* JSON Parsing with Codable.playground */,
				C5DF4547296AA09200EEB686 /* Map_compactMap_flatMap.playground */,
				C5DF454B296AA09400EEB686 /* mapflatmapcompactmap.playground */,
				C5DF4551296AA09700EEB686 /* methodPractice.playground */,
				C5DF4553296AA09700EEB686 /* MyNote.playground */,
				C5DF4550296AA09600EEB686 /* MyPlayground.playground */,
				C5DF455E296AA09D00EEB686 /* PGSwiftUI.playground */,
				C5DF455B296AA09B00EEB686 /* private(set).playground */,
				C5DF4548296AA09300EEB686 /* Protocol.playground */,
				C5DF454D296AA09500EEB686 /* Protocol상속.playground */,
				C5DF4540296AA09000EEB686 /* Protocol의associatedType.playground */,
				C5DF4545296AA09200EEB686 /* Protocol확장.playground */,
				C5DF454E296AA09500EEB686 /* reduce, filter, removeAll.playground */,
				C5DF453F296AA08F00EEB686 /* Set.playground */,
				C5DF455D296AA09C00EEB686 /* StringParsePrac.playground */,
				C5DF4543296AA09100EEB686 /* StructAndClass.playground */,
				C5DF4557296AA09900EEB686 /* StructMethod.playground */,
				C5DF4546296AA09200EEB686 /* Try_Try_Try.playground */,
				C5DF4544296AA09100EEB686 /* typealias.playground */,
				C5DF4558296AA09A00EEB686 /* UnderstandingClosures.playground */,
			);
			path = Grammar;
			sourceTree = "<group>";
		};
/* End PBXGroup section */

/* Begin PBXNativeTarget section */
		C5DF4526296AA01400EEB686 /* GrammarSwiftPlayground */ = {
			isa = PBXNativeTarget;
			buildConfigurationList = C5DF453B296AA01700EEB686 /* Build configuration list for PBXNativeTarget "GrammarSwiftPlayground" */;
			buildPhases = (
				C5DF4523296AA01400EEB686 /* Sources */,
				C5DF4524296AA01400EEB686 /* Frameworks */,
				C5DF4525296AA01400EEB686 /* Resources */,
			);
			buildRules = (
			);
			dependencies = (
			);
			name = GrammarSwiftPlayground;
			productName = GrammarSwiftPlayground;
			productReference = C5DF4527296AA01400EEB686 /* GrammarSwiftPlayground.app */;
			productType = "com.apple.product-type.application";
		};
/* End PBXNativeTarget section */

/* Begin PBXProject section */
		C5DF451F296AA01400EEB686 /* Project object */ = {
			isa = PBXProject;
			attributes = {
				BuildIndependentTargetsInParallel = 1;
				LastSwiftUpdateCheck = 1420;
				LastUpgradeCheck = 1420;
				TargetAttributes = {
					C5DF4526296AA01400EEB686 = {
						CreatedOnToolsVersion = 14.2;
					};
				};
			};
			buildConfigurationList = C5DF4522296AA01400EEB686 /* Build configuration list for PBXProject "GrammarSwiftPlayground" */;
			compatibilityVersion = "Xcode 14.0";
			developmentRegion = en;
			hasScannedForEncodings = 0;
			knownRegions = (
				en,
				Base,
			);
			mainGroup = C5DF451E296AA01400EEB686;
			productRefGroup = C5DF4528296AA01400EEB686 /* Products */;
			projectDirPath = "";
			projectRoot = "";
			targets = (
				C5DF4526296AA01400EEB686 /* GrammarSwiftPlayground */,
			);
		};
/* End PBXProject section */

/* Begin PBXResourcesBuildPhase section */
		C5DF4525296AA01400EEB686 /* Resources */ = {
			isa = PBXResourcesBuildPhase;
			buildActionMask = 2147483647;
			files = (
				C5DF4537296AA01700EEB686 /* LaunchScreen.storyboard in Resources */,
				C5DF4534296AA01700EEB686 /* Assets.xcassets in Resources */,
				C5DF4532296AA01400EEB686 /* Main.storyboard in Resources */,
			);
			runOnlyForDeploymentPostprocessing = 0;
		};
/* End PBXResourcesBuildPhase section */

/* Begin PBXSourcesBuildPhase section */
		C5DF4523296AA01400EEB686 /* Sources */ = {
			isa = PBXSourcesBuildPhase;
			buildActionMask = 2147483647;
			files = (
				C5DF452F296AA01400EEB686 /* ViewController.swift in Sources */,
				C5DF452B296AA01400EEB686 /* AppDelegate.swift in Sources */,
				C5DF452D296AA01400EEB686 /* SceneDelegate.swift in Sources */,
			);
			runOnlyForDeploymentPostprocessing = 0;
		};
/* End PBXSourcesBuildPhase section */

/* Begin PBXVariantGroup section */
		C5DF4530296AA01400EEB686 /* Main.storyboard */ = {
			isa = PBXVariantGroup;
			children = (
				C5DF4531296AA01400EEB686 /* Base */,
			);
			name = Main.storyboard;
			sourceTree = "<group>";
		};
		C5DF4535296AA01700EEB686 /* LaunchScreen.storyboard */ = {
			isa = PBXVariantGroup;
			children = (
				C5DF4536296AA01700EEB686 /* Base */,
			);
			name = LaunchScreen.storyboard;
			sourceTree = "<group>";
		};
/* End PBXVariantGroup section */

/* Begin XCBuildConfiguration section */
		C5DF4539296AA01700EEB686 /* Debug */ = {
			isa = XCBuildConfiguration;
			buildSettings = {
				ALWAYS_SEARCH_USER_PATHS = NO;
				CLANG_ANALYZER_NONNULL = YES;
				CLANG_ANALYZER_NUMBER_OBJECT_CONVERSION = YES_AGGRESSIVE;
				CLANG_CXX_LANGUAGE_STANDARD = "gnu++20";
				CLANG_ENABLE_MODULES = YES;
				CLANG_ENABLE_OBJC_ARC = YES;
				CLANG_ENABLE_OBJC_WEAK = YES;
				CLANG_WARN_BLOCK_CAPTURE_AUTORELEASING = YES;
				CLANG_WARN_BOOL_CONVERSION = YES;
				CLANG_WARN_COMMA = YES;
				CLANG_WARN_CONSTANT_CONVERSION = YES;
				CLANG_WARN_DEPRECATED_OBJC_IMPLEMENTATIONS = YES;
				CLANG_WARN_DIRECT_OBJC_ISA_USAGE = YES_ERROR;
				CLANG_WARN_DOCUMENTATION_COMMENTS = YES;
				CLANG_WARN_EMPTY_BODY = YES;
				CLANG_WARN_ENUM_CONVERSION = YES;
				CLANG_WARN_INFINITE_RECURSION = YES;
				CLANG_WARN_INT_CONVERSION = YES;
				CLANG_WARN_NON_LITERAL_NULL_CONVERSION = YES;
				CLANG_WARN_OBJC_IMPLICIT_RETAIN_SELF = YES;
				CLANG_WARN_OBJC_LITERAL_CONVERSION = YES;
				CLANG_WARN_OBJC_ROOT_CLASS = YES_ERROR;
				CLANG_WARN_QUOTED_INCLUDE_IN_FRAMEWORK_HEADER = YES;
				CLANG_WARN_RANGE_LOOP_ANALYSIS = YES;
				CLANG_WARN_STRICT_PROTOTYPES = YES;
				CLANG_WARN_SUSPICIOUS_MOVE = YES;
				CLANG_WARN_UNGUARDED_AVAILABILITY = YES_AGGRESSIVE;
				CLANG_WARN_UNREACHABLE_CODE = YES;
				CLANG_WARN__DUPLICATE_METHOD_MATCH = YES;
				COPY_PHASE_STRIP = NO;
				DEBUG_INFORMATION_FORMAT = dwarf;
				ENABLE_STRICT_OBJC_MSGSEND = YES;
				ENABLE_TESTABILITY = YES;
				GCC_C_LANGUAGE_STANDARD = gnu11;
				GCC_DYNAMIC_NO_PIC = NO;
				GCC_NO_COMMON_BLOCKS = YES;
				GCC_OPTIMIZATION_LEVEL = 0;
				GCC_PREPROCESSOR_DEFINITIONS = (
					"DEBUG=1",
					"$(inherited)",
				);
				GCC_WARN_64_TO_32_BIT_CONVERSION = YES;
				GCC_WARN_ABOUT_RETURN_TYPE = YES_ERROR;
				GCC_WARN_UNDECLARED_SELECTOR = YES;
				GCC_WARN_UNINITIALIZED_AUTOS = YES_AGGRESSIVE;
				GCC_WARN_UNUSED_FUNCTION = YES;
				GCC_WARN_UNUSED_VARIABLE = YES;
				IPHONEOS_DEPLOYMENT_TARGET = 16.2;
				MTL_ENABLE_DEBUG_INFO = INCLUDE_SOURCE;
				MTL_FAST_MATH = YES;
				ONLY_ACTIVE_ARCH = YES;
				SDKROOT = iphoneos;
				SWIFT_ACTIVE_COMPILATION_CONDITIONS = DEBUG;
				SWIFT_OPTIMIZATION_LEVEL = "-Onone";
			};
			name = Debug;
		};
		C5DF453A296AA01700EEB686 /* Release */ = {
			isa = XCBuildConfiguration;
			buildSettings = {
				ALWAYS_SEARCH_USER_PATHS = NO;
				CLANG_ANALYZER_NONNULL = YES;
				CLANG_ANALYZER_NUMBER_OBJECT_CONVERSION = YES_AGGRESSIVE;
				CLANG_CXX_LANGUAGE_STANDARD = "gnu++20";
				CLANG_ENABLE_MODULES = YES;
				CLANG_ENABLE_OBJC_ARC = YES;
				CLANG_ENABLE_OBJC_WEAK = YES;
				CLANG_WARN_BLOCK_CAPTURE_AUTORELEASING = YES;
				CLANG_WARN_BOOL_CONVERSION = YES;
				CLANG_WARN_COMMA = YES;
				CLANG_WARN_CONSTANT_CONVERSION = YES;
				CLANG_WARN_DEPRECATED_OBJC_IMPLEMENTATIONS = YES;
				CLANG_WARN_DIRECT_OBJC_ISA_USAGE = YES_ERROR;
				CLANG_WARN_DOCUMENTATION_COMMENTS = YES;
				CLANG_WARN_EMPTY_BODY = YES;
				CLANG_WARN_ENUM_CONVERSION = YES;
				CLANG_WARN_INFINITE_RECURSION = YES;
				CLANG_WARN_INT_CONVERSION = YES;
				CLANG_WARN_NON_LITERAL_NULL_CONVERSION = YES;
				CLANG_WARN_OBJC_IMPLICIT_RETAIN_SELF = YES;
				CLANG_WARN_OBJC_LITERAL_CONVERSION = YES;
				CLANG_WARN_OBJC_ROOT_CLASS = YES_ERROR;
				CLANG_WARN_QUOTED_INCLUDE_IN_FRAMEWORK_HEADER = YES;
				CLANG_WARN_RANGE_LOOP_ANALYSIS = YES;
				CLANG_WARN_STRICT_PROTOTYPES = YES;
				CLANG_WARN_SUSPICIOUS_MOVE = YES;
				CLANG_WARN_UNGUARDED_AVAILABILITY = YES_AGGRESSIVE;
				CLANG_WARN_UNREACHABLE_CODE = YES;
				CLANG_WARN__DUPLICATE_METHOD_MATCH = YES;
				COPY_PHASE_STRIP = NO;
				DEBUG_INFORMATION_FORMAT = "dwarf-with-dsym";
				ENABLE_NS_ASSERTIONS = NO;
				ENABLE_STRICT_OBJC_MSGSEND = YES;
				GCC_C_LANGUAGE_STANDARD = gnu11;
				GCC_NO_COMMON_BLOCKS = YES;
				GCC_WARN_64_TO_32_BIT_CONVERSION = YES;
				GCC_WARN_ABOUT_RETURN_TYPE = YES_ERROR;
				GCC_WARN_UNDECLARED_SELECTOR = YES;
				GCC_WARN_UNINITIALIZED_AUTOS = YES_AGGRESSIVE;
				GCC_WARN_UNUSED_FUNCTION = YES;
				GCC_WARN_UNUSED_VARIABLE = YES;
				IPHONEOS_DEPLOYMENT_TARGET = 16.2;
				MTL_ENABLE_DEBUG_INFO = NO;
				MTL_FAST_MATH = YES;
				SDKROOT = iphoneos;
				SWIFT_COMPILATION_MODE = wholemodule;
				SWIFT_OPTIMIZATION_LEVEL = "-O";
				VALIDATE_PRODUCT = YES;
			};
			name = Release;
		};
		C5DF453C296AA01700EEB686 /* Debug */ = {
			isa = XCBuildConfiguration;
			buildSettings = {
				ASSETCATALOG_COMPILER_APPICON_NAME = AppIcon;
				ASSETCATALOG_COMPILER_GLOBAL_ACCENT_COLOR_NAME = AccentColor;
				CODE_SIGN_STYLE = Automatic;
				CURRENT_PROJECT_VERSION = 1;
				DEVELOPMENT_TEAM = YULBA58FUP;
				GENERATE_INFOPLIST_FILE = YES;
				INFOPLIST_FILE = GrammarSwiftPlayground/Info.plist;
				INFOPLIST_KEY_UIApplicationSupportsIndirectInputEvents = YES;
				INFOPLIST_KEY_UILaunchStoryboardName = LaunchScreen;
				INFOPLIST_KEY_UIMainStoryboardFile = Main;
				INFOPLIST_KEY_UISupportedInterfaceOrientations_iPad = "UIInterfaceOrientationPortrait UIInterfaceOrientationPortraitUpsideDown UIInterfaceOrientationLandscapeLeft UIInterfaceOrientationLandscapeRight";
				INFOPLIST_KEY_UISupportedInterfaceOrientations_iPhone = "UIInterfaceOrientationPortrait UIInterfaceOrientationLandscapeLeft UIInterfaceOrientationLandscapeRight";
				LD_RUNPATH_SEARCH_PATHS = (
					"$(inherited)",
					"@executable_path/Frameworks",
				);
				MARKETING_VERSION = 1.0;
				PRODUCT_BUNDLE_IDENTIFIER = DaeMin.Kang.GrammarSwiftPlayground;
				PRODUCT_NAME = "$(TARGET_NAME)";
				SWIFT_EMIT_LOC_STRINGS = YES;
				SWIFT_VERSION = 5.0;
				TARGETED_DEVICE_FAMILY = "1,2";
			};
			name = Debug;
		};
		C5DF453D296AA01700EEB686 /* Release */ = {
			isa = XCBuildConfiguration;
			buildSettings = {
				ASSETCATALOG_COMPILER_APPICON_NAME = AppIcon;
				ASSETCATALOG_COMPILER_GLOBAL_ACCENT_COLOR_NAME = AccentColor;
				CODE_SIGN_STYLE = Automatic;
				CURRENT_PROJECT_VERSION = 1;
				DEVELOPMENT_TEAM = YULBA58FUP;
				GENERATE_INFOPLIST_FILE = YES;
				INFOPLIST_FILE = GrammarSwiftPlayground/Info.plist;
				INFOPLIST_KEY_UIApplicationSupportsIndirectInputEvents = YES;
				INFOPLIST_KEY_UILaunchStoryboardName = LaunchScreen;
				INFOPLIST_KEY_UIMainStoryboardFile = Main;
				INFOPLIST_KEY_UISupportedInterfaceOrientations_iPad = "UIInterfaceOrientationPortrait UIInterfaceOrientationPortraitUpsideDown UIInterfaceOrientationLandscapeLeft UIInterfaceOrientationLandscapeRight";
				INFOPLIST_KEY_UISupportedInterfaceOrientations_iPhone = "UIInterfaceOrientationPortrait UIInterfaceOrientationLandscapeLeft UIInterfaceOrientationLandscapeRight";
				LD_RUNPATH_SEARCH_PATHS = (
					"$(inherited)",
					"@executable_path/Frameworks",
				);
				MARKETING_VERSION = 1.0;
				PRODUCT_BUNDLE_IDENTIFIER = DaeMin.Kang.GrammarSwiftPlayground;
				PRODUCT_NAME = "$(TARGET_NAME)";
				SWIFT_EMIT_LOC_STRINGS = YES;
				SWIFT_VERSION = 5.0;
				TARGETED_DEVICE_FAMILY = "1,2";
			};
			name = Release;
		};
/* End XCBuildConfiguration section */

/* Begin XCConfigurationList section */
		C5DF4522296AA01400EEB686 /* Build configuration list for PBXProject "GrammarSwiftPlayground" */ = {
			isa = XCConfigurationList;
			buildConfigurations = (
				C5DF4539296AA01700EEB686 /* Debug */,
				C5DF453A296AA01700EEB686 /* Release */,
			);
			defaultConfigurationIsVisible = 0;
			defaultConfigurationName = Release;
		};
		C5DF453B296AA01700EEB686 /* Build configuration list for PBXNativeTarget "GrammarSwiftPlayground" */ = {
			isa = XCConfigurationList;
			buildConfigurations = (
				C5DF453C296AA01700EEB686 /* Debug */,
				C5DF453D296AA01700EEB686 /* Release */,
			);
			defaultConfigurationIsVisible = 0;
			defaultConfigurationName = Release;
		};
/* End XCConfigurationList section */
	};
	rootObject = C5DF451F296AA01400EEB686 /* Project object */;
}
